<?xml version="1.0" encoding="UTF-8"?>
<CONFIG>
  <ProjectOptions>
    <Version Value="9"/>
    <General>
      <Flags>
        <MainUnitHasUsesSectionForAllUnits Value="False"/>
        <MainUnitHasCreateFormStatements Value="False"/>
        <MainUnitHasTitleStatement Value="False"/>
      </Flags>
      <MainUnit Value="0"/>
      <Title Value="LibraryProject"/>
      <ResourceType Value="res"/>
      <UseXPManifest Value="True"/>
      <Icon Value="0"/>
      <ActiveWindowIndexAtStart Value="0"/>
    </General>
    <i18n>
      <EnableI18N LFM="False"/>
    </i18n>
    <VersionInfo>
      <StringTable ProductVersion=""/>
    </VersionInfo>
    <BuildModes Count="1" Active="Default">
      <Item1 Name="Default" Default="True"/>
    </BuildModes>
    <PublishOptions>
      <Version Value="2"/>
      <IncludeFileFilter Value="*.(pas|pp|inc|lfm|lpr|lrs|lpi|lpk|sh|xml)"/>
      <ExcludeFileFilter Value="*.(bak|ppu|o|so);*~;backup"/>
    </PublishOptions>
    <RunParams>
      <local>
        <FormatVersion Value="1"/>
        <LaunchingApplication PathPlusParams="/usr/bin/xterm -T 'Lazarus Run Output' -e $(LazarusDir)/tools/runwait.sh $(TargetCmdLine)"/>
      </local>
    </RunParams>
    <RequiredPackages Count="3">
      <Item1>
        <PackageName Value="lazancestroibx"/>
      </Item1>
      <Item2>
        <PackageName Value="lazancestrobuttons"/>
      </Item2>
      <Item3>
        <PackageName Value="LCL"/>
      </Item3>
    </RequiredPackages>
    <Units Count="9">
      <Unit0>
        <Filename Value="LibraryProject.dpr"/>
        <IsPartOfProject Value="True"/>
        <UnitName Value="LibraryProject"/>
        <EditorIndex Value="0"/>
        <WindowIndex Value="0"/>
        <TopLine Value="1"/>
        <CursorPos X="1" Y="21"/>
        <UsageCount Value="21"/>
        <Loaded Value="True"/>
        <DefaultSyntaxHighlighter Value="Delphi"/>
      </Unit0>
      <Unit1>
        <Filename Value="DefObjet.pas"/>
        <IsPartOfProject Value="True"/>
        <UnitName Value="DefObjet"/>
        <WindowIndex Value="0"/>
        <TopLine Value="9"/>
        <CursorPos X="3" Y="51"/>
        <UsageCount Value="21"/>
        <DefaultSyntaxHighlighter Value="Delphi"/>
      </Unit1>
      <Unit2>
        <Filename Value="U_Form_Main.pas"/>
        <HasResources Value="True"/>
        <UsageCount Value="20"/>
        <DefaultSyntaxHighlighter Value="Delphi"/>
      </Unit2>
      <Unit3>
        <Filename Value="U_DM.pas"/>
        <HasResources Value="True"/>
        <UsageCount Value="20"/>
        <DefaultSyntaxHighlighter Value="Delphi"/>
      </Unit3>
      <Unit4>
        <Filename Value="u_form_main.pas"/>
        <IsPartOfProject Value="True"/>
        <ComponentName Value="F_PluginAncestro"/>
        <HasResources Value="True"/>
        <ResourceBaseClass Value="Form"/>
        <UnitName Value="u_form_main"/>
        <EditorIndex Value="5"/>
        <WindowIndex Value="0"/>
        <TopLine Value="1"/>
        <CursorPos X="3" Y="11"/>
        <UsageCount Value="21"/>
        <Loaded Value="True"/>
        <LoadedDesigner Value="True"/>
        <DefaultSyntaxHighlighter Value="Delphi"/>
      </Unit4>
      <Unit5>
        <Filename Value="u_dm_plugin.pas"/>
        <IsPartOfProject Value="True"/>
        <ComponentName Value="DMPlugin"/>
        <HasResources Value="True"/>
        <ResourceBaseClass Value="DataModule"/>
        <UnitName Value="u_dm_plugin"/>
        <EditorIndex Value="4"/>
        <WindowIndex Value="0"/>
        <TopLine Value="257"/>
        <CursorPos X="11" Y="301"/>
        <UsageCount Value="20"/>
        <Loaded Value="True"/>
        <LoadedDesigner Value="True"/>
        <DefaultSyntaxHighlighter Value="Delphi"/>
      </Unit5>
      <Unit6>
        <Filename Value="../../AncestroWeb/AncestroWeb.dpr"/>
        <UnitName Value="AncestroWeb"/>
        <EditorIndex Value="2"/>
        <WindowIndex Value="0"/>
        <TopLine Value="1"/>
        <CursorPos X="1" Y="1"/>
        <UsageCount Value="10"/>
        <Loaded Value="True"/>
        <DefaultSyntaxHighlighter Value="Delphi"/>
      </Unit6>
      <Unit7>
        <Filename Value="defobjet.pas"/>
        <UnitName Value="DefObjet"/>
        <EditorIndex Value="3"/>
        <WindowIndex Value="0"/>
        <TopLine Value="1"/>
        <CursorPos X="15" Y="8"/>
        <UsageCount Value="10"/>
        <Loaded Value="True"/>
        <DefaultSyntaxHighlighter Value="Delphi"/>
      </Unit7>
      <Unit8>
        <Filename Value="exetotest.pas"/>
        <UnitName Value="ExeToTest"/>
        <IsVisibleTab Value="True"/>
        <EditorIndex Value="1"/>
        <WindowIndex Value="0"/>
        <TopLine Value="1"/>
        <CursorPos X="1" Y="1"/>
        <UsageCount Value="10"/>
        <Loaded Value="True"/>
        <DefaultSyntaxHighlighter Value="Delphi"/>
      </Unit8>
    </Units>
    <JumpHistory Count="7" HistoryIndex="6">
      <Position1>
        <Filename Value="u_dm_plugin.pas"/>
        <Caret Line="392" Column="106" TopLine="253"/>
      </Position1>
      <Position2>
        <Filename Value="u_dm_plugin.pas"/>
        <Caret Line="43" Column="31" TopLine="22"/>
      </Position2>
      <Position3>
        <Filename Value="u_dm_plugin.pas"/>
        <Caret Line="161" Column="1" TopLine="120"/>
      </Position3>
      <Position4>
        <Filename Value="u_dm_plugin.pas"/>
        <Caret Line="212" Column="17" TopLine="191"/>
      </Position4>
      <Position5>
        <Filename Value="u_dm_plugin.pas"/>
        <Caret Line="244" Column="35" TopLine="220"/>
      </Position5>
      <Position6>
        <Filename Value="u_dm_plugin.pas"/>
        <Caret Line="257" Column="36" TopLine="233"/>
      </Position6>
      <Position7>
        <Filename Value="u_dm_plugin.pas"/>
        <Caret Line="212" Column="34" TopLine="178"/>
      </Position7>
    </JumpHistory>
  </ProjectOptions>
  <CompilerOptions>
    <Version Value="11"/>
    <Target>
      <Filename Value="$(TargetCPU)-$(TargetOS)/MonPlugin"/>
    </Target>
    <SearchPaths>
      <IncludeFiles Value="$(ProjOutDir)"/>
      <UnitOutputDirectory Value="lib/$(TargetCPU)-$(TargetOS)"/>
    </SearchPaths>
    <Parsing>
      <SyntaxOptions>
        <SyntaxMode Value="Delphi"/>
      </SyntaxOptions>
    </Parsing>
    <Linking>
      <Options>
        <ExecutableType Value="Library"/>
      </Options>
    </Linking>
    <Other>
      <CompilerPath Value="$(CompPath)"/>
    </Other>
  </CompilerOptions>
  <Debugging>
    <Exceptions Count="3">
      <Item1>
        <Name Value="EAbort"/>
      </Item1>
      <Item2>
        <Name Value="ECodetoolError"/>
      </Item2>
      <Item3>
        <Name Value="EFOpenError"/>
      </Item3>
    </Exceptions>
  </Debugging>
  <EditorMacros Count="0"/>
</CONFIG>
